
Microsoft Visual Studio Solution File, Format Version 12.00
# Visual Studio 15
VisualStudioVersion = 15.0.28307.960
MinimumVisualStudioVersion = 10.0.40219.1
Project("{FAE04EC0-301F-11D3-BF4B-00C04F79EFBC}") = "IOTreeWebApplication", "IOTreeWebApplication\IOTreeWebApplication.csproj", "{562F3E64-FA26-4F65-A852-C1B08F30A359}"
EndProject
Global
	GlobalSection(SolutionConfigurationPlatforms) = preSolution
		Debug|Any CPU = Debug|Any CPU
		Release|Any CPU = Release|Any CPU
	EndGlobalSection
	GlobalSection(ProjectConfigurationPlatforms) = postSolution
		{562F3E64-FA26-4F65-A852-C1B08F30A359}.Debug|Any CPU.ActiveCfg = Debug|Any CPU
		{562F3E64-FA26-4F65-A852-C1B08F30A359}.Debug|Any CPU.Build.0 = Debug|Any CPU
		{562F3E64-FA26-4F65-A852-C1B08F30A359}.Release|Any CPU.ActiveCfg = Release|Any CPU
		{562F3E64-FA26-4F65-A852-C1B08F30A359}.Release|Any CPU.Build.0 = Release|Any CPU
	EndGlobalSection
	GlobalSection(SolutionProperties) = preSolution
		HideSolutionNode = FALSE
	EndGlobalSection
	GlobalSection(ExtensibilityGlobals) = postSolution
		SolutionGuid = {6591112D-21D2-4503-8D99-EE42A34F4605}
	EndGlobalSection
EndGlobal
